// !$*UTF8*$!
{
	archiveVersion = 1;
	classes = {
	};
	objectVersion = 56;
	objects = {

/* Begin PBXBuildFile section */
		8D5B29FD21823FD00035AE97 /* Assets.xcassets in Resources */ = {isa = PBXBuildFile; fileRef = 8D5B29FC21823FD00035AE97 /* Assets.xcassets */; };
		8D5B2A0021823FD00035AE97 /* LaunchScreen.storyboard in Resources */ = {isa = PBXBuildFile; fileRef = 8D5B29FE21823FD00035AE97 /* LaunchScreen.storyboard */; };
		A100000121868D8E00690BA8 /* TMDbAppApp.swift in Sources */ = {isa = PBXBuildFile; fileRef = A200000121868D8E00690BA8 /* TMDbAppApp.swift */; };
		A100000221868D8E00690BA8 /* ContentView.swift in Sources */ = {isa = PBXBuildFile; fileRef = A200000221868D8E00690BA8 /* ContentView.swift */; };
		A100000321868D8E00690BA8 /* UpcomingMoviesView.swift in Sources */ = {isa = PBXBuildFile; fileRef = A200000321868D8E00690BA8 /* UpcomingMoviesView.swift */; };
		A100000421868D8E00690BA8 /* SearchMoviesView.swift in Sources */ = {isa = PBXBuildFile; fileRef = A200000421868D8E00690BA8 /* SearchMoviesView.swift */; };
		A100000521868D8E00690BA8 /* MovieDetailView.swift in Sources */ = {isa = PBXBuildFile; fileRef = A200000521868D8E00690BA8 /* MovieDetailView.swift */; };
		A100000621868D8E00690BA8 /* Models.swift in Sources */ = {isa = PBXBuildFile; fileRef = A200000621868D8E00690BA8 /* Models.swift */; };
		A100000721868D8E00690BA8 /* AppConfiguration.swift in Sources */ = {isa = PBXBuildFile; fileRef = A200000721868D8E00690BA8 /* AppConfiguration.swift */; };
		A100000821868D8E00690BA8 /* MovieService.swift in Sources */ = {isa = PBXBuildFile; fileRef = A200000821868D8E00690BA8 /* MovieService.swift */; };
		A100000921868D8E00690BA8 /* UpcomingMoviesModel.swift in Sources */ = {isa = PBXBuildFile; fileRef = A200000921868D8E00690BA8 /* UpcomingMoviesModel.swift */; };
		A100000A21868D8E00690BA8 /* SearchMoviesModel.swift in Sources */ = {isa = PBXBuildFile; fileRef = A200000A21868D8E00690BA8 /* SearchMoviesModel.swift */; };
		A100000B21868D8E00690BA8 /* MovieDetailModel.swift in Sources */ = {isa = PBXBuildFile; fileRef = A200000B21868D8E00690BA8 /* MovieDetailModel.swift */; };
/* End PBXBuildFile section */

/* Begin PBXFileReference section */
		8D5B29F221823FCF0035AE97 /* TMDbApp.app */ = {isa = PBXFileReference; explicitFileType = wrapper.application; includeInIndex = 0; path = TMDbApp.app; sourceTree = BUILT_PRODUCTS_DIR; };
		8D5B29FC21823FD00035AE97 /* Assets.xcassets */ = {isa = PBXFileReference; lastKnownFileType = folder.assetcatalog; path = Assets.xcassets; sourceTree = "<group>"; };
		8D5B29FF21823FD00035AE97 /* Base */ = {isa = PBXFileReference; lastKnownFileType = file.storyboard; name = Base; path = Base.lproj/LaunchScreen.storyboard; sourceTree = "<group>"; };
		8D5B2A0121823FD00035AE97 /* Info.plist */ = {isa = PBXFileReference; lastKnownFileType = text.plist.xml; path = Info.plist; sourceTree = "<group>"; };
		A200000121868D8E00690BA8 /* TMDbAppApp.swift */ = {isa = PBXFileReference; lastKnownFileType = sourcecode.swift; path = TMDbAppApp.swift; sourceTree = "<group>"; };
		A200000221868D8E00690BA8 /* ContentView.swift */ = {isa = PBXFileReference; lastKnownFileType = sourcecode.swift; path = ContentView.swift; sourceTree = "<group>"; };
		A200000321868D8E00690BA8 /* UpcomingMoviesView.swift */ = {isa = PBXFileReference; lastKnownFileType = sourcecode.swift; path = UpcomingMoviesView.swift; sourceTree = "<group>"; };
		A200000421868D8E00690BA8 /* SearchMoviesView.swift */ = {isa = PBXFileReference; lastKnownFileType = sourcecode.swift; path = SearchMoviesView.swift; sourceTree = "<group>"; };
		A200000521868D8E00690BA8 /* MovieDetailView.swift */ = {isa = PBXFileReference; lastKnownFileType = sourcecode.swift; path = MovieDetailView.swift; sourceTree = "<group>"; };
		A200000621868D8E00690BA8 /* Models.swift */ = {isa = PBXFileReference; lastKnownFileType = sourcecode.swift; path = Models.swift; sourceTree = "<group>"; };
		A200000721868D8E00690BA8 /* AppConfiguration.swift */ = {isa = PBXFileReference; lastKnownFileType = sourcecode.swift; path = AppConfiguration.swift; sourceTree = "<group>"; };
		A200000821868D8E00690BA8 /* MovieService.swift */ = {isa = PBXFileReference; lastKnownFileType = sourcecode.swift; path = MovieService.swift; sourceTree = "<group>"; };
		A200000921868D8E00690BA8 /* UpcomingMoviesModel.swift */ = {isa = PBXFileReference; lastKnownFileType = sourcecode.swift; path = UpcomingMoviesModel.swift; sourceTree = "<group>"; };
		A200000A21868D8E00690BA8 /* SearchMoviesModel.swift */ = {isa = PBXFileReference; lastKnownFileType = sourcecode.swift; path = SearchMoviesModel.swift; sourceTree = "<group>"; };
		A200000B21868D8E00690BA8 /* MovieDetailModel.swift */ = {isa = PBXFileReference; lastKnownFileType = sourcecode.swift; path = MovieDetailModel.swift; sourceTree = "<group>"; };
/* End PBXFileReference section */

/* Begin PBXFrameworksBuildPhase section */
		8D5B29EF21823FCF0035AE97 /* Frameworks */ = {
			isa = PBXFrameworksBuildPhase;
			buildActionMask = 2147483647;
			files = (
			);
			runOnlyForDeploymentPostprocessing = 0;
		};
/* End PBXFrameworksBuildPhase section */

/* Begin PBXGroup section */
		8D5B29E921823FCF0035AE97 = {
			isa = PBXGroup;
			children = (
				8D5B29F421823FCF0035AE97 /* TMDbApp */,
				8D5B29F321823FCF0035AE97 /* Products */,
			);
			sourceTree = "<group>";
		};
		8D5B29F321823FCF0035AE97 /* Products */ = {
			isa = PBXGroup;
			children = (
				8D5B29F221823FCF0035AE97 /* TMDbApp.app */,
			);
			name = Products;
			sourceTree = "<group>";
		};
		8D5B29F421823FCF0035AE97 /* TMDbApp */ = {
			isa = PBXGroup;
			children = (
				8D5B2A0121823FD00035AE97 /* Info.plist */,
				A300000121868D8E00690BA8 /* App */,
				A300000221868D8E00690BA8 /* Core */,
				A300000321868D8E00690BA8 /* Shared */,
			);
			path = TMDbApp;
			sourceTree = "<group>";
		};
		A300000121868D8E00690BA8 /* App */ = {
			isa = PBXGroup;
			children = (
				A200000121868D8E00690BA8 /* TMDbAppApp.swift */,
				A200000221868D8E00690BA8 /* ContentView.swift */,
				A200000321868D8E00690BA8 /* UpcomingMoviesView.swift */,
				A200000421868D8E00690BA8 /* SearchMoviesView.swift */,
				A200000521868D8E00690BA8 /* MovieDetailView.swift */,
			);
			path = App;
			sourceTree = "<group>";
		};
		A300000221868D8E00690BA8 /* Core */ = {
			isa = PBXGroup;
			children = (
				A200000621868D8E00690BA8 /* Models.swift */,
				A200000721868D8E00690BA8 /* AppConfiguration.swift */,
				A200000821868D8E00690BA8 /* MovieService.swift */,
				A200000921868D8E00690BA8 /* UpcomingMoviesModel.swift */,
				A200000A21868D8E00690BA8 /* SearchMoviesModel.swift */,
				A200000B21868D8E00690BA8 /* MovieDetailModel.swift */,
			);
			path = Core;
			sourceTree = "<group>";
		};
		A300000321868D8E00690BA8 /* Shared */ = {
			isa = PBXGroup;
			children = (
				8D5B29FE21823FD00035AE97 /* LaunchScreen.storyboard */,
				8D5B29FC21823FD00035AE97 /* Assets.xcassets */,
			);
			path = Shared;
			sourceTree = "<group>";
		};
/* End PBXGroup section */

/* Begin PBXNativeTarget section */
		8D5B29F121823FCF0035AE97 /* TMDbApp */ = {
			isa = PBXNativeTarget;
			buildConfigurationList = 8D5B2A0421823FD00035AE97 /* Build configuration list for PBXNativeTarget "TMDbApp" */;
			buildPhases = (
				8D5B29EE21823FCF0035AE97 /* Sources */,
				8D5B29EF21823FCF0035AE97 /* Frameworks */,
				8D5B29F021823FCF0035AE97 /* Resources */,
			);
			buildRules = (
			);
			dependencies = (
			);
			name = TMDbApp;
			productName = TMDbApp;
			productReference = 8D5B29F221823FCF0035AE97 /* TMDbApp.app */;
			productType = "com.apple.product-type.application";
		};
/* End PBXNativeTarget section */

/* Begin PBXProject section */
		8D5B29EA21823FCF0035AE97 /* Project object */ = {
			isa = PBXProject;
			attributes = {
				LastSwiftUpdateCheck = 1630;
				LastUpgradeCheck = 1630;
				ORGANIZATIONNAME = "Homero Oliveira";
				TargetAttributes = {
					8D5B29F121823FCF0035AE97 = {
						CreatedOnToolsVersion = 16.3;
					};
				};
			};
			buildConfigurationList = 8D5B29ED21823FCF0035AE97 /* Build configuration list for PBXProject "TMDbApp" */;
			compatibilityVersion = "Xcode 14.0";
			developmentRegion = en;
			hasScannedForEncodings = 0;
			knownRegions = (
				en,
				Base,
			);
			mainGroup = 8D5B29E921823FCF0035AE97;
			productRefGroup = 8D5B29F321823FCF0035AE97 /* Products */;
			projectDirPath = "";
			projectRoot = "";
			targets = (
				8D5B29F121823FCF0035AE97 /* TMDbApp */,
			);
		};
/* End PBXProject section */

/* Begin PBXResourcesBuildPhase section */
		8D5B29F021823FCF0035AE97 /* Resources */ = {
			isa = PBXResourcesBuildPhase;
			buildActionMask = 2147483647;
			files = (
				8D5B2A0021823FD00035AE97 /* LaunchScreen.storyboard in Resources */,
				8D5B29FD21823FD00035AE97 /* Assets.xcassets in Resources */,
			);
			runOnlyForDeploymentPostprocessing = 0;
		};
/* End PBXResourcesBuildPhase section */

/* Begin PBXSourcesBuildPhase section */
		8D5B29EE21823FCF0035AE97 /* Sources */ = {
			isa = PBXSourcesBuildPhase;
			buildActionMask = 2147483647;
			files = (
				A100000121868D8E00690BA8 /* TMDbAppApp.swift in Sources */,
				A100000221868D8E00690BA8 /* ContentView.swift in Sources */,
				A100000321868D8E00690BA8 /* UpcomingMoviesView.swift in Sources */,
				A100000421868D8E00690BA8 /* SearchMoviesView.swift in Sources */,
				A100000521868D8E00690BA8 /* MovieDetailView.swift in Sources */,
				A100000621868D8E00690BA8 /* Models.swift in Sources */,
				A100000721868D8E00690BA8 /* AppConfiguration.swift in Sources */,
				A100000821868D8E00690BA8 /* MovieService.swift in Sources */,
				A100000921868D8E00690BA8 /* UpcomingMoviesModel.swift in Sources */,
				A100000A21868D8E00690BA8 /* SearchMoviesModel.swift in Sources */,
				A100000B21868D8E00690BA8 /* MovieDetailModel.swift in Sources */,
			);
			runOnlyForDeploymentPostprocessing = 0;
		};
/* End PBXSourcesBuildPhase section */

/* Begin PBXVariantGroup section */
		8D5B29FE21823FD00035AE97 /* LaunchScreen.storyboard */ = {
			isa = PBXVariantGroup;
			children = (
				8D5B29FF21823FD00035AE97 /* Base */,
			);
			name = LaunchScreen.storyboard;
			sourceTree = "<group>";
		};
/* End PBXVariantGroup section */

/* Begin XCBuildConfiguration section */
		8D5B2A0221823FD00035AE97 /* Debug */ = {
			isa = XCBuildConfiguration;
			buildSettings = {
				ALWAYS_SEARCH_USER_PATHS = NO;
				CLANG_ANALYZER_NONNULL = YES;
				CLANG_ANALYZER_NUMBER_OBJECT_CONVERSION = YES_AGGRESSIVE;
				CLANG_CXX_LANGUAGE_STANDARD = "gnu++20";
				CLANG_ENABLE_MODULES = YES;
				CLANG_ENABLE_OBJC_ARC = YES;
				CLANG_WARN_DOCUMENTATION_COMMENTS = YES;
				CLANG_WARN_QUOTED_INCLUDE_IN_FRAMEWORK_HEADER = YES;
				COPY_PHASE_STRIP = NO;
				DEBUG_INFORMATION_FORMAT = dwarf;
				ENABLE_STRICT_OBJC_MSGSEND = YES;
				ENABLE_TESTABILITY = YES;
				GCC_C_LANGUAGE_STANDARD = gnu17;
				GCC_NO_COMMON_BLOCKS = YES;
				GCC_OPTIMIZATION_LEVEL = 0;
				GCC_PREPROCESSOR_DEFINITIONS = (
					"DEBUG=1",
					"$(inherited)",
				);
				IPHONEOS_DEPLOYMENT_TARGET = 17.0;
				ONLY_ACTIVE_ARCH = YES;
				SDKROOT = iphoneos;
				SWIFT_ACTIVE_COMPILATION_CONDITIONS = DEBUG;
				SWIFT_EMIT_LOC_STRINGS = YES;
				SWIFT_OPTIMIZATION_LEVEL = "-Onone";
				SWIFT_STRICT_CONCURRENCY = complete;
			};
			name = Debug;
		};
		8D5B2A0321823FD00035AE97 /* Release */ = {
			isa = XCBuildConfiguration;
			buildSettings = {
				ALWAYS_SEARCH_USER_PATHS = NO;
				CLANG_ANALYZER_NONNULL = YES;
				CLANG_ANALYZER_NUMBER_OBJECT_CONVERSION = YES_AGGRESSIVE;
				CLANG_CXX_LANGUAGE_STANDARD = "gnu++20";
				CLANG_ENABLE_MODULES = YES;
				CLANG_ENABLE_OBJC_ARC = YES;
				CLANG_WARN_DOCUMENTATION_COMMENTS = YES;
				CLANG_WARN_QUOTED_INCLUDE_IN_FRAMEWORK_HEADER = YES;
				COPY_PHASE_STRIP = NO;
				DEBUG_INFORMATION_FORMAT = "dwarf-with-dsym";
				ENABLE_NS_ASSERTIONS = NO;
				ENABLE_STRICT_OBJC_MSGSEND = YES;
				GCC_C_LANGUAGE_STANDARD = gnu17;
				GCC_NO_COMMON_BLOCKS = YES;
				IPHONEOS_DEPLOYMENT_TARGET = 17.0;
				SDKROOT = iphoneos;
				SWIFT_COMPILATION_MODE = wholemodule;
				SWIFT_EMIT_LOC_STRINGS = YES;
				SWIFT_OPTIMIZATION_LEVEL = "-O";
				SWIFT_STRICT_CONCURRENCY = complete;
				VALIDATE_PRODUCT = YES;
			};
			name = Release;
		};
		8D5B2A0521823FD00035AE97 /* Debug */ = {
			isa = XCBuildConfiguration;
			buildSettings = {
				ASSETCATALOG_COMPILER_APPICON_NAME = AppIcon;
				CODE_SIGN_STYLE = Automatic;
				CURRENT_PROJECT_VERSION = 1;
				DEVELOPMENT_TEAM = 6UW4NKHZQ4;
				GENERATE_INFOPLIST_FILE = NO;
				INFOPLIST_FILE = TMDbApp/Info.plist;
				IPHONEOS_DEPLOYMENT_TARGET = 17.0;
				LD_RUNPATH_SEARCH_PATHS = (
					"$(inherited)",
					"@executable_path/Frameworks",
				);
				MARKETING_VERSION = 1.0;
				PRODUCT_BUNDLE_IDENTIFIER = com.homero.codes.TMDbApp;
				PRODUCT_NAME = "$(TARGET_NAME)";
				SWIFT_VERSION = 6.0;
				TARGETED_DEVICE_FAMILY = "1,2";
			};
			name = Debug;
		};
		8D5B2A0621823FD00035AE97 /* Release */ = {
			isa = XCBuildConfiguration;
			buildSettings = {
				ASSETCATALOG_COMPILER_APPICON_NAME = AppIcon;
				CODE_SIGN_STYLE = Automatic;
				CURRENT_PROJECT_VERSION = 1;
				DEVELOPMENT_TEAM = 6UW4NKHZQ4;
				GENERATE_INFOPLIST_FILE = NO;
				INFOPLIST_FILE = TMDbApp/Info.plist;
				IPHONEOS_DEPLOYMENT_TARGET = 17.0;
				LD_RUNPATH_SEARCH_PATHS = (
					"$(inherited)",
					"@executable_path/Frameworks",
				);
				MARKETING_VERSION = 1.0;
				PRODUCT_BUNDLE_IDENTIFIER = com.homero.codes.TMDbApp;
				PRODUCT_NAME = "$(TARGET_NAME)";
				SWIFT_VERSION = 6.0;
				TARGETED_DEVICE_FAMILY = "1,2";
			};
			name = Release;
		};
/* End XCBuildConfiguration section */

/* Begin XCConfigurationList section */
		8D5B29ED21823FCF0035AE97 /* Build configuration list for PBXProject "TMDbApp" */ = {
			isa = XCConfigurationList;
			buildConfigurations = (
				8D5B2A0221823FD00035AE97 /* Debug */,
				8D5B2A0321823FD00035AE97 /* Release */,
			);
			defaultConfigurationIsVisible = 0;
			defaultConfigurationName = Release;
		};
		8D5B2A0421823FD00035AE97 /* Build configuration list for PBXNativeTarget "TMDbApp" */ = {
			isa = XCConfigurationList;
			buildConfigurations = (
				8D5B2A0521823FD00035AE97 /* Debug */,
				8D5B2A0621823FD00035AE97 /* Release */,
			);
			defaultConfigurationIsVisible = 0;
			defaultConfigurationName = Release;
		};
/* End XCConfigurationList section */
	};
	rootObject = 8D5B29EA21823FCF0035AE97 /* Project object */;
}
