// !$*UTF8*$!
{
	archiveVersion = 1;
	classes = {
	};
	objectVersion = 56;
	objects = {

/* Begin PBXBuildFile section */
		AA0002AA000000000000001 /* TMDbApp.swift in Sources */ = {isa = PBXBuildFile; fileRef = AA0001AA000000000000001 /* TMDbApp.swift */; };
		AA0005AA000000000000001 /* MovieService.swift in Sources */ = {isa = PBXBuildFile; fileRef = AA0004AA000000000000001 /* MovieService.swift */; };
		AA0007AA000000000000001 /* TMDbEndpoint.swift in Sources */ = {isa = PBXBuildFile; fileRef = AA0006AA000000000000001 /* TMDbEndpoint.swift */; };
		AA0009AA000000000000001 /* ImageEndpoint.swift in Sources */ = {isa = PBXBuildFile; fileRef = AA0008AA000000000000001 /* ImageEndpoint.swift */; };
		AA000BAA000000000000001 /* TMDbMovieService.swift in Sources */ = {isa = PBXBuildFile; fileRef = AA000AAA000000000000001 /* TMDbMovieService.swift */; };
		AA000FAA000000000000001 /* UpcomingMoviesViewModel.swift in Sources */ = {isa = PBXBuildFile; fileRef = AA000EAA000000000000001 /* UpcomingMoviesViewModel.swift */; };
		AA0011AA000000000000001 /* UpcomingMoviesView.swift in Sources */ = {isa = PBXBuildFile; fileRef = AA0010AA000000000000001 /* UpcomingMoviesView.swift */; };
		AA0014AA000000000000001 /* SearchMoviesViewModel.swift in Sources */ = {isa = PBXBuildFile; fileRef = AA0013AA000000000000001 /* SearchMoviesViewModel.swift */; };
		AA0016AA000000000000001 /* SearchMoviesView.swift in Sources */ = {isa = PBXBuildFile; fileRef = AA0015AA000000000000001 /* SearchMoviesView.swift */; };
		AA0019AA000000000000001 /* MovieDetailViewModel.swift in Sources */ = {isa = PBXBuildFile; fileRef = AA0018AA000000000000001 /* MovieDetailViewModel.swift */; };
		AA001BAA000000000000001 /* MovieDetailView.swift in Sources */ = {isa = PBXBuildFile; fileRef = AA001AAA000000000000001 /* MovieDetailView.swift */; };
		AA001DAA000000000000001 /* MovieRowView.swift in Sources */ = {isa = PBXBuildFile; fileRef = AA001CAA000000000000001 /* MovieRowView.swift */; };
		8D5B2A082182659B0035AE97 /* Page.swift in Sources */ = {isa = PBXBuildFile; fileRef = 8D5B2A072182659B0035AE97 /* Page.swift */; };
		8D5B2A0A218265A90035AE97 /* Movie.swift in Sources */ = {isa = PBXBuildFile; fileRef = 8D5B2A09218265A90035AE97 /* Movie.swift */; };
		8D5B2A0D218265CD0035AE97 /* MovieDetail.swift in Sources */ = {isa = PBXBuildFile; fileRef = 8D5B2A0C218265CD0035AE97 /* MovieDetail.swift */; };
		8D5B2A0F218265E70035AE97 /* Genre.swift in Sources */ = {isa = PBXBuildFile; fileRef = 8D5B2A0E218265E70035AE97 /* Genre.swift */; };
		8D5B29FD21823FD00035AE97 /* Assets.xcassets in Resources */ = {isa = PBXBuildFile; fileRef = 8D5B29FC21823FD00035AE97 /* Assets.xcassets */; };
/* End PBXBuildFile section */

/* Begin PBXFileReference section */
		AA0001AA000000000000001 /* TMDbApp.swift */ = {isa = PBXFileReference; lastKnownFileType = sourcecode.swift; path = TMDbApp.swift; sourceTree = "<group>"; };
		AA0004AA000000000000001 /* MovieService.swift */ = {isa = PBXFileReference; lastKnownFileType = sourcecode.swift; path = MovieService.swift; sourceTree = "<group>"; };
		AA0006AA000000000000001 /* TMDbEndpoint.swift */ = {isa = PBXFileReference; lastKnownFileType = sourcecode.swift; path = TMDbEndpoint.swift; sourceTree = "<group>"; };
		AA0008AA000000000000001 /* ImageEndpoint.swift */ = {isa = PBXFileReference; lastKnownFileType = sourcecode.swift; path = ImageEndpoint.swift; sourceTree = "<group>"; };
		AA000AAA000000000000001 /* TMDbMovieService.swift */ = {isa = PBXFileReference; lastKnownFileType = sourcecode.swift; path = TMDbMovieService.swift; sourceTree = "<group>"; };
		AA000CAA000000000000001 /* Features */ = {isa = PBXFileReference; lastKnownFileType = folder; path = Features; sourceTree = "<group>"; };
		AA000EAA000000000000001 /* UpcomingMoviesViewModel.swift */ = {isa = PBXFileReference; lastKnownFileType = sourcecode.swift; path = UpcomingMoviesViewModel.swift; sourceTree = "<group>"; };
		AA0010AA000000000000001 /* UpcomingMoviesView.swift */ = {isa = PBXFileReference; lastKnownFileType = sourcecode.swift; path = UpcomingMoviesView.swift; sourceTree = "<group>"; };
		AA0013AA000000000000001 /* SearchMoviesViewModel.swift */ = {isa = PBXFileReference; lastKnownFileType = sourcecode.swift; path = SearchMoviesViewModel.swift; sourceTree = "<group>"; };
		AA0015AA000000000000001 /* SearchMoviesView.swift */ = {isa = PBXFileReference; lastKnownFileType = sourcecode.swift; path = SearchMoviesView.swift; sourceTree = "<group>"; };
		AA0018AA000000000000001 /* MovieDetailViewModel.swift */ = {isa = PBXFileReference; lastKnownFileType = sourcecode.swift; path = MovieDetailViewModel.swift; sourceTree = "<group>"; };
		AA001AAA000000000000001 /* MovieDetailView.swift */ = {isa = PBXFileReference; lastKnownFileType = sourcecode.swift; path = MovieDetailView.swift; sourceTree = "<group>"; };
		AA001CAA000000000000001 /* MovieRowView.swift */ = {isa = PBXFileReference; lastKnownFileType = sourcecode.swift; path = MovieRowView.swift; sourceTree = "<group>"; };
		8D5B29F221823FCF0035AE97 /* TMDbApp.app */ = {isa = PBXFileReference; explicitFileType = wrapper.application; includeInIndex = 0; path = TMDbApp.app; sourceTree = BUILT_PRODUCTS_DIR; };
		8D5B29FC21823FD00035AE97 /* Assets.xcassets */ = {isa = PBXFileReference; lastKnownFileType = folder.assetcatalog; path = Assets.xcassets; sourceTree = "<group>"; };
		8D5B2A0121823FD00035AE97 /* Info.plist */ = {isa = PBXFileReference; lastKnownFileType = text.plist.xml; path = Info.plist; sourceTree = "<group>"; };
		8D5B2A072182659B0035AE97 /* Page.swift */ = {isa = PBXFileReference; lastKnownFileType = sourcecode.swift; path = Page.swift; sourceTree = "<group>"; };
		8D5B2A09218265A90035AE97 /* Movie.swift */ = {isa = PBXFileReference; lastKnownFileType = sourcecode.swift; path = Movie.swift; sourceTree = "<group>"; };
		8D5B2A0C218265CD0035AE97 /* MovieDetail.swift */ = {isa = PBXFileReference; lastKnownFileType = sourcecode.swift; path = MovieDetail.swift; sourceTree = "<group>"; };
		8D5B2A0E218265E70035AE97 /* Genre.swift */ = {isa = PBXFileReference; lastKnownFileType = sourcecode.swift; path = Genre.swift; sourceTree = "<group>"; };
/* End PBXFileReference section */

/* Begin PBXFrameworksBuildPhase section */
		8D5B29EF21823FCF0035AE97 /* Frameworks */ = {
			isa = PBXFrameworksBuildPhase;
			buildActionMask = 2147483647;
			files = (
			);
			runOnlyForDeploymentPostprocessing = 0;
		};
/* End PBXFrameworksBuildPhase section */

/* Begin PBXGroup section */
		AA0003AA000000000000001 /* Networking */ = {
			isa = PBXGroup;
			children = (
				AA0004AA000000000000001 /* MovieService.swift */,
				AA0006AA000000000000001 /* TMDbEndpoint.swift */,
				AA0008AA000000000000001 /* ImageEndpoint.swift */,
				AA000AAA000000000000001 /* TMDbMovieService.swift */,
			);
			path = Networking;
			sourceTree = "<group>";
		};
		AA000CAA000000000000001 /* Features */ = {
			isa = PBXGroup;
			children = (
				AA000DAA000000000000001 /* UpcomingMovies */,
				AA0012AA000000000000001 /* SearchMovies */,
				AA0017AA000000000000001 /* MovieDetail */,
			);
			path = Features;
			sourceTree = "<group>";
		};
		AA000DAA000000000000001 /* UpcomingMovies */ = {
			isa = PBXGroup;
			children = (
				AA000EAA000000000000001 /* UpcomingMoviesViewModel.swift */,
				AA0010AA000000000000001 /* UpcomingMoviesView.swift */,
			);
			path = UpcomingMovies;
			sourceTree = "<group>";
		};
		AA0012AA000000000000001 /* SearchMovies */ = {
			isa = PBXGroup;
			children = (
				AA0013AA000000000000001 /* SearchMoviesViewModel.swift */,
				AA0015AA000000000000001 /* SearchMoviesView.swift */,
			);
			path = SearchMovies;
			sourceTree = "<group>";
		};
		AA0017AA000000000000001 /* MovieDetail */ = {
			isa = PBXGroup;
			children = (
				AA0018AA000000000000001 /* MovieDetailViewModel.swift */,
				AA001AAA000000000000001 /* MovieDetailView.swift */,
			);
			path = MovieDetail;
			sourceTree = "<group>";
		};
		8D291E1D21856E6100D4F122 /* Shared */ = {
			isa = PBXGroup;
			children = (
				AA001CAA000000000000001 /* MovieRowView.swift */,
				8D5B29FC21823FD00035AE97 /* Assets.xcassets */,
			);
			path = Shared;
			sourceTree = "<group>";
		};
		8D5B29E921823FCF0035AE97 = {
			isa = PBXGroup;
			children = (
				8D5B29F421823FCF0035AE97 /* TMDbApp */,
				8D5B29F321823FCF0035AE97 /* Products */,
			);
			sourceTree = "<group>";
		};
		8D5B29F321823FCF0035AE97 /* Products */ = {
			isa = PBXGroup;
			children = (
				8D5B29F221823FCF0035AE97 /* TMDbApp.app */,
			);
			name = Products;
			sourceTree = "<group>";
		};
		8D5B29F421823FCF0035AE97 /* TMDbApp */ = {
			isa = PBXGroup;
			children = (
				AA0001AA000000000000001 /* TMDbApp.swift */,
				8D5B2A0121823FD00035AE97 /* Info.plist */,
				8D5B2A0B218265BF0035AE97 /* Model */,
				AA0003AA000000000000001 /* Networking */,
				AA000CAA000000000000001 /* Features */,
				8D291E1D21856E6100D4F122 /* Shared */,
			);
			path = TMDbApp;
			sourceTree = "<group>";
		};
		8D5B2A0B218265BF0035AE97 /* Model */ = {
			isa = PBXGroup;
			children = (
				8D5B2A072182659B0035AE97 /* Page.swift */,
				8D5B2A09218265A90035AE97 /* Movie.swift */,
				8D5B2A0C218265CD0035AE97 /* MovieDetail.swift */,
				8D5B2A0E218265E70035AE97 /* Genre.swift */,
			);
			path = Model;
			sourceTree = "<group>";
		};
/* End PBXGroup section */

/* Begin PBXNativeTarget section */
		8D5B29F121823FCF0035AE97 /* TMDbApp */ = {
			isa = PBXNativeTarget;
			buildConfigurationList = 8D5B2A0421823FD00035AE97 /* Build configuration list for PBXNativeTarget "TMDbApp" */;
			buildPhases = (
				8D5B29EE21823FCF0035AE97 /* Sources */,
				8D5B29EF21823FCF0035AE97 /* Frameworks */,
				8D5B29F021823FCF0035AE97 /* Resources */,
			);
			buildRules = (
			);
			dependencies = (
			);
			name = TMDbApp;
			packageProductDependencies = (
			);
			productName = TMDbApp;
			productReference = 8D5B29F221823FCF0035AE97 /* TMDbApp.app */;
			productType = "com.apple.product-type.application";
		};
/* End PBXNativeTarget section */

/* Begin PBXProject section */
		8D5B29EA21823FCF0035AE97 /* Project object */ = {
			isa = PBXProject;
			attributes = {
				BuildIndependentTargetsInParallel = 1;
				LastSwiftUpdateCheck = 1600;
				LastUpgradeCheck = 1600;
				ORGANIZATIONNAME = "Homero Oliveira";
				TargetAttributes = {
					8D5B29F121823FCF0035AE97 = {
						CreatedOnToolsVersion = 16.0;
					};
				};
			};
			buildConfigurationList = 8D5B29ED21823FCF0035AE97 /* Build configuration list for PBXProject "TMDbApp" */;
			compatibilityVersion = "Xcode 14.0";
			developmentRegion = en;
			hasScannedForEncodings = 0;
			knownRegions = (
				en,
				Base,
			);
			mainGroup = 8D5B29E921823FCF0035AE97;
			productRefGroup = 8D5B29F321823FCF0035AE97 /* Products */;
			projectDirPath = "";
			projectRoot = "";
			targets = (
				8D5B29F121823FCF0035AE97 /* TMDbApp */,
			);
		};
/* End PBXProject section */

/* Begin PBXResourcesBuildPhase section */
		8D5B29F021823FCF0035AE97 /* Resources */ = {
			isa = PBXResourcesBuildPhase;
			buildActionMask = 2147483647;
			files = (
				8D5B29FD21823FD00035AE97 /* Assets.xcassets in Resources */,
			);
			runOnlyForDeploymentPostprocessing = 0;
		};
/* End PBXResourcesBuildPhase section */

/* Begin PBXSourcesBuildPhase section */
		8D5B29EE21823FCF0035AE97 /* Sources */ = {
			isa = PBXSourcesBuildPhase;
			buildActionMask = 2147483647;
			files = (
				AA0002AA000000000000001 /* TMDbApp.swift in Sources */,
				8D5B2A082182659B0035AE97 /* Page.swift in Sources */,
				8D5B2A0A218265A90035AE97 /* Movie.swift in Sources */,
				8D5B2A0D218265CD0035AE97 /* MovieDetail.swift in Sources */,
				8D5B2A0F218265E70035AE97 /* Genre.swift in Sources */,
				AA0005AA000000000000001 /* MovieService.swift in Sources */,
				AA0007AA000000000000001 /* TMDbEndpoint.swift in Sources */,
				AA0009AA000000000000001 /* ImageEndpoint.swift in Sources */,
				AA000BAA000000000000001 /* TMDbMovieService.swift in Sources */,
				AA000FAA000000000000001 /* UpcomingMoviesViewModel.swift in Sources */,
				AA0011AA000000000000001 /* UpcomingMoviesView.swift in Sources */,
				AA0014AA000000000000001 /* SearchMoviesViewModel.swift in Sources */,
				AA0016AA000000000000001 /* SearchMoviesView.swift in Sources */,
				AA0019AA000000000000001 /* MovieDetailViewModel.swift in Sources */,
				AA001BAA000000000000001 /* MovieDetailView.swift in Sources */,
				AA001DAA000000000000001 /* MovieRowView.swift in Sources */,
			);
			runOnlyForDeploymentPostprocessing = 0;
		};
/* End PBXSourcesBuildPhase section */

/* Begin XCBuildConfiguration section */
		8D5B2A0221823FD00035AE97 /* Debug */ = {
			isa = XCBuildConfiguration;
			buildSettings = {
				ALWAYS_SEARCH_USER_PATHS = NO;
				CLANG_ANALYZER_NONNULL = YES;
				CLANG_ANALYZER_NUMBER_OBJECT_CONVERSION = YES_AGGRESSIVE;
				CLANG_CXX_LANGUAGE_STANDARD = "gnu++20";
				CLANG_ENABLE_MODULES = YES;
				CLANG_ENABLE_OBJC_ARC = YES;
				CLANG_ENABLE_OBJC_WEAK = YES;
				CLANG_WARN_BLOCK_CAPTURE_AUTORELEASING = YES;
				CLANG_WARN_BOOL_CONVERSION = YES;
				CLANG_WARN_COMMA = YES;
				CLANG_WARN_CONSTANT_CONVERSION = YES;
				CLANG_WARN_DEPRECATED_OBJC_IMPLEMENTATIONS = YES;
				CLANG_WARN_DIRECT_OBJC_ISA_USAGE = YES_ERROR;
				CLANG_WARN_DOCUMENTATION_COMMENTS = YES;
				CLANG_WARN_EMPTY_BODY = YES;
				CLANG_WARN_ENUM_CONVERSION = YES;
				CLANG_WARN_INFINITE_RECURSION = YES;
				CLANG_WARN_INT_CONVERSION = YES;
				CLANG_WARN_NON_LITERAL_NULL_CONVERSION = YES;
				CLANG_WARN_OBJC_IMPLICIT_RETAIN_SELF = YES;
				CLANG_WARN_OBJC_LITERAL_CONVERSION = YES;
				CLANG_WARN_OBJC_ROOT_CLASS = YES_ERROR;
				CLANG_WARN_RANGE_LOOP_ANALYSIS = YES;
				CLANG_WARN_STRICT_PROTOTYPES = YES;
				CLANG_WARN_SUSPICIOUS_MOVE = YES;
				CLANG_WARN_UNGUARDED_AVAILABILITY = YES_AGGRESSIVE;
				CLANG_WARN_UNREACHABLE_CODE = YES;
				CLANG_WARN__DUPLICATE_METHOD_MATCH = YES;
				CODE_SIGN_IDENTITY = "iPhone Developer";
				COPY_PHASE_STRIP = NO;
				DEBUG_INFORMATION_FORMAT = dwarf;
				ENABLE_STRICT_OBJC_MSGSEND = YES;
				ENABLE_TESTABILITY = YES;
				GCC_C_LANGUAGE_STANDARD = gnu17;
				GCC_DYNAMIC_NO_PIC = NO;
				GCC_NO_COMMON_BLOCKS = YES;
				GCC_OPTIMIZATION_LEVEL = 0;
				GCC_PREPROCESSOR_DEFINITIONS = (
					"DEBUG=1",
					"$(inherited)",
				);
				GCC_WARN_64_TO_32_BIT_CONVERSION = YES;
				GCC_WARN_ABOUT_RETURN_TYPE = YES_ERROR;
				GCC_WARN_UNDECLARED_SELECTOR = YES;
				GCC_WARN_UNINITIALIZED_AUTOS = YES_AGGRESSIVE;
				GCC_WARN_UNUSED_FUNCTION = YES;
				GCC_WARN_UNUSED_VARIABLE = YES;
				IPHONEOS_DEPLOYMENT_TARGET = 17.0;
				MTL_ENABLE_DEBUG_INFO = INCLUDE_SOURCE;
				MTL_FAST_MATH = YES;
				ONLY_ACTIVE_ARCH = YES;
				SDKROOT = iphoneos;
				SWIFT_ACTIVE_COMPILATION_CONDITIONS = DEBUG;
				SWIFT_OPTIMIZATION_LEVEL = "-Onone";
			};
			name = Debug;
		};
		8D5B2A0321823FD00035AE97 /* Release */ = {
			isa = XCBuildConfiguration;
			buildSettings = {
				ALWAYS_SEARCH_USER_PATHS = NO;
				CLANG_ANALYZER_NONNULL = YES;
				CLANG_ANALYZER_NUMBER_OBJECT_CONVERSION = YES_AGGRESSIVE;
				CLANG_CXX_LANGUAGE_STANDARD = "gnu++20";
				CLANG_ENABLE_MODULES = YES;
				CLANG_ENABLE_OBJC_ARC = YES;
				CLANG_ENABLE_OBJC_WEAK = YES;
				CLANG_WARN_BLOCK_CAPTURE_AUTORELEASING = YES;
				CLANG_WARN_BOOL_CONVERSION = YES;
				CLANG_WARN_COMMA = YES;
				CLANG_WARN_CONSTANT_CONVERSION = YES;
				CLANG_WARN_DEPRECATED_OBJC_IMPLEMENTATIONS = YES;
				CLANG_WARN_DIRECT_OBJC_ISA_USAGE = YES_ERROR;
				CLANG_WARN_DOCUMENTATION_COMMENTS = YES;
				CLANG_WARN_EMPTY_BODY = YES;
				CLANG_WARN_ENUM_CONVERSION = YES;
				CLANG_WARN_INFINITE_RECURSION = YES;
				CLANG_WARN_INT_CONVERSION = YES;
				CLANG_WARN_NON_LITERAL_NULL_CONVERSION = YES;
				CLANG_WARN_OBJC_IMPLICIT_RETAIN_SELF = YES;
				CLANG_WARN_OBJC_LITERAL_CONVERSION = YES;
				CLANG_WARN_OBJC_ROOT_CLASS = YES_ERROR;
				CLANG_WARN_RANGE_LOOP_ANALYSIS = YES;
				CLANG_WARN_STRICT_PROTOTYPES = YES;
				CLANG_WARN_SUSPICIOUS_MOVE = YES;
				CLANG_WARN_UNGUARDED_AVAILABILITY = YES_AGGRESSIVE;
				CLANG_WARN_UNREACHABLE_CODE = YES;
				CLANG_WARN__DUPLICATE_METHOD_MATCH = YES;
				CODE_SIGN_IDENTITY = "iPhone Developer";
				COPY_PHASE_STRIP = NO;
				DEBUG_INFORMATION_FORMAT = "dwarf-with-dsym";
				ENABLE_NS_ASSERTIONS = NO;
				ENABLE_STRICT_OBJC_MSGSEND = YES;
				GCC_C_LANGUAGE_STANDARD = gnu17;
				GCC_NO_COMMON_BLOCKS = YES;
				GCC_WARN_64_TO_32_BIT_CONVERSION = YES;
				GCC_WARN_ABOUT_RETURN_TYPE = YES_ERROR;
				GCC_WARN_UNDECLARED_SELECTOR = YES;
				GCC_WARN_UNINITIALIZED_AUTOS = YES_AGGRESSIVE;
				GCC_WARN_UNUSED_FUNCTION = YES;
				GCC_WARN_UNUSED_VARIABLE = YES;
				IPHONEOS_DEPLOYMENT_TARGET = 17.0;
				MTL_ENABLE_DEBUG_INFO = NO;
				MTL_FAST_MATH = YES;
				SDKROOT = iphoneos;
				SWIFT_COMPILATION_MODE = wholemodule;
				SWIFT_OPTIMIZATION_LEVEL = "-O";
				VALIDATE_PRODUCT = YES;
			};
			name = Release;
		};
		8D5B2A0521823FD00035AE97 /* Debug */ = {
			isa = XCBuildConfiguration;
			buildSettings = {
				ASSETCATALOG_COMPILER_APPICON_NAME = AppIcon;
				CODE_SIGN_STYLE = Automatic;
				CURRENT_PROJECT_VERSION = 1;
				DEVELOPMENT_TEAM = 6UW4NKHZQ4;
				GENERATE_INFOPLIST_FILE = NO;
				INFOPLIST_FILE = TMDbApp/Info.plist;
				LD_RUNPATH_SEARCH_PATHS = (
					"$(inherited)",
					"@executable_path/Frameworks",
				);
				MARKETING_VERSION = 1.0;
				PRODUCT_BUNDLE_IDENTIFIER = com.homero.codes.TMDbApp;
				PRODUCT_NAME = "$(TARGET_NAME)";
				SWIFT_EMIT_LOC_STRINGS = YES;
				SWIFT_STRICT_CONCURRENCY = complete;
				SWIFT_VERSION = 6.0;
				TARGETED_DEVICE_FAMILY = "1,2";
			};
			name = Debug;
		};
		8D5B2A0621823FD00035AE97 /* Release */ = {
			isa = XCBuildConfiguration;
			buildSettings = {
				ASSETCATALOG_COMPILER_APPICON_NAME = AppIcon;
				CODE_SIGN_STYLE = Automatic;
				CURRENT_PROJECT_VERSION = 1;
				DEVELOPMENT_TEAM = 6UW4NKHZQ4;
				GENERATE_INFOPLIST_FILE = NO;
				INFOPLIST_FILE = TMDbApp/Info.plist;
				LD_RUNPATH_SEARCH_PATHS = (
					"$(inherited)",
					"@executable_path/Frameworks",
				);
				MARKETING_VERSION = 1.0;
				PRODUCT_BUNDLE_IDENTIFIER = com.homero.codes.TMDbApp;
				PRODUCT_NAME = "$(TARGET_NAME)";
				SWIFT_EMIT_LOC_STRINGS = YES;
				SWIFT_STRICT_CONCURRENCY = complete;
				SWIFT_VERSION = 6.0;
				TARGETED_DEVICE_FAMILY = "1,2";
			};
			name = Release;
		};
/* End XCBuildConfiguration section */

/* Begin XCConfigurationList section */
		8D5B29ED21823FCF0035AE97 /* Build configuration list for PBXProject "TMDbApp" */ = {
			isa = XCConfigurationList;
			buildConfigurations = (
				8D5B2A0221823FD00035AE97 /* Debug */,
				8D5B2A0321823FD00035AE97 /* Release */,
			);
			defaultConfigurationIsVisible = 0;
			defaultConfigurationName = Release;
		};
		8D5B2A0421823FD00035AE97 /* Build configuration list for PBXNativeTarget "TMDbApp" */ = {
			isa = XCConfigurationList;
			buildConfigurations = (
				8D5B2A0521823FD00035AE97 /* Debug */,
				8D5B2A0621823FD00035AE97 /* Release */,
			);
			defaultConfigurationIsVisible = 0;
			defaultConfigurationName = Release;
		};
/* End XCConfigurationList section */
	};
	rootObject = 8D5B29EA21823FCF0035AE97 /* Project object */;
}
